lockfileVersion: '9.0'

settings:
  autoInstallPeers: true
  excludeLinksFromLockfile: false

importers:

  .:
    devDependencies:
      prettier:
        specifier: ^3.3.3
        version: 3.3.3
      prettier-plugin-organize-attributes:
        specifier: ^1.0.0
        version: 1.0.0(prettier@3.3.3)
      prettier-plugin-organize-imports:
        specifier: ^4.0.0
        version: 4.0.0(prettier@3.3.3)(typescript@5.5.4)
      prettier-plugin-tailwindcss:
        specifier: ^0.6.5
        version: 0.6.5(prettier-plugin-organize-attributes@1.0.0(prettier@3.3.3))(prettier-plugin-organize-imports@4.0.0(prettier@3.3.3)(typescript@5.5.4))(prettier@3.3.3)

packages:

  prettier-plugin-organize-attributes@1.0.0:
    resolution: {integrity: sha512-+NmameaLxbCcylEXsKPmawtzla5EE6ECqvGkpfQz4KM847fXDifB1gFnPQEpoADAq6IXg+cMI8Z0ISJEXa6fhg==}
    engines: {node: '>=14.0.0'}
    peerDependencies:
      prettier: ^3.0.0

  prettier-plugin-organize-imports@4.0.0:
    resolution: {integrity: sha512-vnKSdgv9aOlqKeEFGhf9SCBsTyzDSyScy1k7E0R1Uo4L0cTcOV7c1XQaT7jfXIOc/p08WLBfN2QUQA9zDSZMxA==}
    peerDependencies:
      '@vue/language-plugin-pug': ^2.0.24
      prettier: '>=2.0'
      typescript: '>=2.9'
      vue-tsc: ^2.0.24
    peerDependenciesMeta:
      '@vue/language-plugin-pug':
        optional: true
      vue-tsc:
        optional: true

  prettier-plugin-tailwindcss@0.6.5:
    resolution: {integrity: sha512-axfeOArc/RiGHjOIy9HytehlC0ZLeMaqY09mm8YCkMzznKiDkwFzOpBvtuhuv3xG5qB73+Mj7OCe2j/L1ryfuQ==}
    engines: {node: '>=14.21.3'}
    peerDependencies:
      '@ianvs/prettier-plugin-sort-imports': '*'
      '@prettier/plugin-pug': '*'
      '@shopify/prettier-plugin-liquid': '*'
      '@trivago/prettier-plugin-sort-imports': '*'
      '@zackad/prettier-plugin-twig-melody': '*'
      prettier: ^3.0
      prettier-plugin-astro: '*'
      prettier-plugin-css-order: '*'
      prettier-plugin-import-sort: '*'
      prettier-plugin-jsdoc: '*'
      prettier-plugin-marko: '*'
      prettier-plugin-organize-attributes: '*'
      prettier-plugin-organize-imports: '*'
      prettier-plugin-sort-imports: '*'
      prettier-plugin-style-order: '*'
      prettier-plugin-svelte: '*'
    peerDependenciesMeta:
      '@ianvs/prettier-plugin-sort-imports':
        optional: true
      '@prettier/plugin-pug':
        optional: true
      '@shopify/prettier-plugin-liquid':
        optional: true
      '@trivago/prettier-plugin-sort-imports':
        optional: true
      '@zackad/prettier-plugin-twig-melody':
        optional: true
      prettier-plugin-astro:
        optional: true
      prettier-plugin-css-order:
        optional: true
      prettier-plugin-import-sort:
        optional: true
      prettier-plugin-jsdoc:
        optional: true
      prettier-plugin-marko:
        optional: true
      prettier-plugin-organize-attributes:
        optional: true
      prettier-plugin-organize-imports:
        optional: true
      prettier-plugin-sort-imports:
        optional: true
      prettier-plugin-style-order:
        optional: true
      prettier-plugin-svelte:
        optional: true

  prettier@3.3.3:
    resolution: {integrity: sha512-i2tDNA0O5IrMO757lfrdQZCc2jPNDVntV0m/+4whiDfWaTKfMNgR7Qz0NAeGz/nRqF4m5/6CLzbP4/liHt12Ew==}
    engines: {node: '>=14'}
    hasBin: true

  typescript@5.5.4:
    resolution: {integrity: sha512-Mtq29sKDAEYP7aljRgtPOpTvOfbwRWlS6dPRzwjdE+C0R4brX/GUyhHSecbHMFLNBLcJIPt9nl9yG5TZ1weH+Q==}
    engines: {node: '>=14.17'}
    hasBin: true

snapshots:

  prettier-plugin-organize-attributes@1.0.0(prettier@3.3.3):
    dependencies:
      prettier: 3.3.3

  prettier-plugin-organize-imports@4.0.0(prettier@3.3.3)(typescript@5.5.4):
    dependencies:
      prettier: 3.3.3
      typescript: 5.5.4

  prettier-plugin-tailwindcss@0.6.5(prettier-plugin-organize-attributes@1.0.0(prettier@3.3.3))(prettier-plugin-organize-imports@4.0.0(prettier@3.3.3)(typescript@5.5.4))(prettier@3.3.3):
    dependencies:
      prettier: 3.3.3
    optionalDependencies:
      prettier-plugin-organize-attributes: 1.0.0(prettier@3.3.3)
      prettier-plugin-organize-imports: 4.0.0(prettier@3.3.3)(typescript@5.5.4)

  prettier@3.3.3: {}

  typescript@5.5.4: {}
